
Microsoft Visual Studio Solution File, Format Version 11.00
# Visual Studio 2010
Project("{FAE04EC0-301F-11D3-BF4B-00C04F79EFBC}") = "AccentureInnovation", "Assembly-CSharp.csproj", "{0C500652-60C5-1E95-6D1B-D58E64DDF74C}"
EndProject
Project("{FAE04EC0-301F-11D3-BF4B-00C04F79EFBC}") = "AccentureInnovation", "Assembly-CSharp-Editor.csproj", "{8BBB9F41-60AD-8E14-2569-1F49845D9D23}"
EndProject
Global
	GlobalSection(SolutionConfigurationPlatforms) = preSolution
		Debug|Any CPU = Debug|Any CPU
		Release|Any CPU = Release|Any CPU
	EndGlobalSection
	GlobalSection(ProjectConfigurationPlatforms) = postSolution
		{0C500652-60C5-1E95-6D1B-D58E64DDF74C}.Debug|Any CPU.ActiveCfg = Debug|Any CPU
		{0C500652-60C5-1E95-6D1B-D58E64DDF74C}.Debug|Any CPU.Build.0 = Debug|Any CPU
		{0C500652-60C5-1E95-6D1B-D58E64DDF74C}.Release|Any CPU.ActiveCfg = Release|Any CPU
		{0C500652-60C5-1E95-6D1B-D58E64DDF74C}.Release|Any CPU.Build.0 = Release|Any CPU
		{8BBB9F41-60AD-8E14-2569-1F49845D9D23}.Debug|Any CPU.ActiveCfg = Debug|Any CPU
		{8BBB9F41-60AD-8E14-2569-1F49845D9D23}.Debug|Any CPU.Build.0 = Debug|Any CPU
		{8BBB9F41-60AD-8E14-2569-1F49845D9D23}.Release|Any CPU.ActiveCfg = Release|Any CPU
		{8BBB9F41-60AD-8E14-2569-1F49845D9D23}.Release|Any CPU.Build.0 = Release|Any CPU
	EndGlobalSection
	GlobalSection(SolutionProperties) = preSolution
		HideSolutionNode = FALSE
	EndGlobalSection
	GlobalSection(MonoDevelopProperties) = preSolution
		StartupItem = Assembly-CSharp.csproj
	EndGlobalSection
EndGlobal
